
Microsoft Visual Studio Solution File, Format Version 12.00
# Visual Studio Version 17
VisualStudioVersion = 17.6.33829.357
MinimumVisualStudioVersion = 10.0.40219.1
Project("{FAE04EC0-301F-11D3-BF4B-00C04F79EFBC}") = "School_Management", "School_Management\School_Management.csproj", "{D3B79C87-0F19-4245-8199-B00F6CC5C5C2}"
EndProject
Global
	GlobalSection(SolutionConfigurationPlatforms) = preSolution
		Debug|Any CPU = Debug|Any CPU
		Release|Any CPU = Release|Any CPU
	EndGlobalSection
	GlobalSection(ProjectConfigurationPlatforms) = postSolution
		{D3B79C87-0F19-4245-8199-B00F6CC5C5C2}.Debug|Any CPU.ActiveCfg = Debug|Any CPU
		{D3B79C87-0F19-4245-8199-B00F6CC5C5C2}.Debug|Any CPU.Build.0 = Debug|Any CPU
		{D3B79C87-0F19-4245-8199-B00F6CC5C5C2}.Release|Any CPU.ActiveCfg = Release|Any CPU
		{D3B79C87-0F19-4245-8199-B00F6CC5C5C2}.Release|Any CPU.Build.0 = Release|Any CPU
	EndGlobalSection
	GlobalSection(SolutionProperties) = preSolution
		HideSolutionNode = FALSE
	EndGlobalSection
	GlobalSection(ExtensibilityGlobals) = postSolution
		SolutionGuid = {F8173B1F-DF90-43C3-8CD1-43E8151DFFF7}
	EndGlobalSection
EndGlobal
